
Microsoft Visual Studio Solution File, Format Version 12.00
# Visual Studio Version 17
VisualStudioVersion = 17.11.35219.272
MinimumVisualStudioVersion = 10.0.40219.1
Project("{FAE04EC0-301F-11D3-BF4B-00C04F79EFBC}") = "31.10.24", "31.10.24\31.10.24.csproj", "{68A768AD-7716-47F1-B329-BAA59415B930}"
EndProject
Global
	GlobalSection(SolutionConfigurationPlatforms) = preSolution
		Debug|Any CPU = Debug|Any CPU
		Release|Any CPU = Release|Any CPU
	EndGlobalSection
	GlobalSection(ProjectConfigurationPlatforms) = postSolution
		{68A768AD-7716-47F1-B329-BAA59415B930}.Debug|Any CPU.ActiveCfg = Debug|Any CPU
		{68A768AD-7716-47F1-B329-BAA59415B930}.Debug|Any CPU.Build.0 = Debug|Any CPU
		{68A768AD-7716-47F1-B329-BAA59415B930}.Release|Any CPU.ActiveCfg = Release|Any CPU
		{68A768AD-7716-47F1-B329-BAA59415B930}.Release|Any CPU.Build.0 = Release|Any CPU
	EndGlobalSection
	GlobalSection(SolutionProperties) = preSolution
		HideSolutionNode = FALSE
	EndGlobalSection
	GlobalSection(ExtensibilityGlobals) = postSolution
		SolutionGuid = {54CE1261-5015-460E-B2F6-FB663D5AE16C}
	EndGlobalSection
EndGlobal
